
Microsoft Visual Studio Solution File, Format Version 12.00
# Visual Studio Version 17
VisualStudioVersion = 17.10.35013.160
MinimumVisualStudioVersion = 10.0.40219.1
Project("{FAE04EC0-301F-11D3-BF4B-00C04F79EFBC}") = "BankKita.Web.API", "BankKita.Web.API\BankKita.Web.API.csproj", "{D1AC15AC-2707-43F5-91F8-BA967583788C}"
EndProject
Project("{FAE04EC0-301F-11D3-BF4B-00C04F79EFBC}") = "ViewModels", "ViewModels\ViewModels.csproj", "{AC0CF312-8C52-46C9-8C31-FDCA6F4B62DF}"
EndProject
Global
	GlobalSection(SolutionConfigurationPlatforms) = preSolution
		Debug|Any CPU = Debug|Any CPU
		Release|Any CPU = Release|Any CPU
	EndGlobalSection
	GlobalSection(ProjectConfigurationPlatforms) = postSolution
		{D1AC15AC-2707-43F5-91F8-BA967583788C}.Debug|Any CPU.ActiveCfg = Debug|Any CPU
		{D1AC15AC-2707-43F5-91F8-BA967583788C}.Debug|Any CPU.Build.0 = Debug|Any CPU
		{D1AC15AC-2707-43F5-91F8-BA967583788C}.Release|Any CPU.ActiveCfg = Release|Any CPU
		{D1AC15AC-2707-43F5-91F8-BA967583788C}.Release|Any CPU.Build.0 = Release|Any CPU
		{AC0CF312-8C52-46C9-8C31-FDCA6F4B62DF}.Debug|Any CPU.ActiveCfg = Debug|Any CPU
		{AC0CF312-8C52-46C9-8C31-FDCA6F4B62DF}.Debug|Any CPU.Build.0 = Debug|Any CPU
		{AC0CF312-8C52-46C9-8C31-FDCA6F4B62DF}.Release|Any CPU.ActiveCfg = Release|Any CPU
		{AC0CF312-8C52-46C9-8C31-FDCA6F4B62DF}.Release|Any CPU.Build.0 = Release|Any CPU
	EndGlobalSection
	GlobalSection(SolutionProperties) = preSolution
		HideSolutionNode = FALSE
	EndGlobalSection
	GlobalSection(ExtensibilityGlobals) = postSolution
		SolutionGuid = {A3911A7E-A48C-4DD6-88C9-D93CCCFBBE3F}
	EndGlobalSection
EndGlobal
